
Microsoft Visual Studio Solution File, Format Version 12.00
# Visual Studio Version 17
VisualStudioVersion = 17.3.32819.101
MinimumVisualStudioVersion = 10.0.40219.1
Project("{FAE04EC0-301F-11D3-BF4B-00C04F79EFBC}") = "StudentManagementSystem", "StudentManagementSystem\StudentManagementSystem.csproj", "{B27271A5-186C-411A-89B4-705FFBBE6012}"
EndProject
Global
	GlobalSection(SolutionConfigurationPlatforms) = preSolution
		Debug|Any CPU = Debug|Any CPU
		Release|Any CPU = Release|Any CPU
	EndGlobalSection
	GlobalSection(ProjectConfigurationPlatforms) = postSolution
		{B27271A5-186C-411A-89B4-705FFBBE6012}.Debug|Any CPU.ActiveCfg = Debug|Any CPU
		{B27271A5-186C-411A-89B4-705FFBBE6012}.Debug|Any CPU.Build.0 = Debug|Any CPU
		{B27271A5-186C-411A-89B4-705FFBBE6012}.Release|Any CPU.ActiveCfg = Release|Any CPU
		{B27271A5-186C-411A-89B4-705FFBBE6012}.Release|Any CPU.Build.0 = Release|Any CPU
	EndGlobalSection
	GlobalSection(SolutionProperties) = preSolution
		HideSolutionNode = FALSE
	EndGlobalSection
	GlobalSection(ExtensibilityGlobals) = postSolution
		SolutionGuid = {111F272D-62ED-4A87-A877-5B07AB97746C}
	EndGlobalSection
EndGlobal
